// !$*UTF8*$!
{
	archiveVersion = 1;
	classes = {
	};
	objectVersion = 46;
	objects = {

/* Begin PBXBuildFile section */
		880A286C1914AC4D001E5A2B /* TNTDoorViewController.m in Sources */ = {isa = PBXBuildFile; fileRef = 880A286B1914AC4D001E5A2B /* TNTDoorViewController.m */; };
		882238D4191B51A900F163A8 /* TNTHGViewController.m in Sources */ = {isa = PBXBuildFile; fileRef = 882238D3191B51A900F163A8 /* TNTHGViewController.m */; };
		886CD33218E0CB29002275D6 /* Foundation.framework in Frameworks */ = {isa = PBXBuildFile; fileRef = 886CD33118E0CB29002275D6 /* Foundation.framework */; };
		886CD33418E0CB29002275D6 /* CoreGraphics.framework in Frameworks */ = {isa = PBXBuildFile; fileRef = 886CD33318E0CB29002275D6 /* CoreGraphics.framework */; };
		886CD33618E0CB29002275D6 /* UIKit.framework in Frameworks */ = {isa = PBXBuildFile; fileRef = 886CD33518E0CB29002275D6 /* UIKit.framework */; };
		886CD33C18E0CB29002275D6 /* InfoPlist.strings in Resources */ = {isa = PBXBuildFile; fileRef = 886CD33A18E0CB29002275D6 /* InfoPlist.strings */; };
		886CD33E18E0CB29002275D6 /* main.m in Sources */ = {isa = PBXBuildFile; fileRef = 886CD33D18E0CB29002275D6 /* main.m */; };
		886CD34218E0CB29002275D6 /* TNTAppDelegate.m in Sources */ = {isa = PBXBuildFile; fileRef = 886CD34118E0CB29002275D6 /* TNTAppDelegate.m */; };
		886CD34518E0CB29002275D6 /* Main.storyboard in Resources */ = {isa = PBXBuildFile; fileRef = 886CD34318E0CB29002275D6 /* Main.storyboard */; };
		886CD34818E0CB29002275D6 /* TNTLaunchViewController.m in Sources */ = {isa = PBXBuildFile; fileRef = 886CD34718E0CB29002275D6 /* TNTLaunchViewController.m */; };
		886CD34A18E0CB29002275D6 /* Images.xcassets in Resources */ = {isa = PBXBuildFile; fileRef = 886CD34918E0CB29002275D6 /* Images.xcassets */; };
		886CD35118E0CB29002275D6 /* XCTest.framework in Frameworks */ = {isa = PBXBuildFile; fileRef = 886CD35018E0CB29002275D6 /* XCTest.framework */; };
		886CD35218E0CB29002275D6 /* Foundation.framework in Frameworks */ = {isa = PBXBuildFile; fileRef = 886CD33118E0CB29002275D6 /* Foundation.framework */; };
		886CD35318E0CB29002275D6 /* UIKit.framework in Frameworks */ = {isa = PBXBuildFile; fileRef = 886CD33518E0CB29002275D6 /* UIKit.framework */; };
		886CD35B18E0CB29002275D6 /* InfoPlist.strings in Resources */ = {isa = PBXBuildFile; fileRef = 886CD35918E0CB29002275D6 /* InfoPlist.strings */; };
		886CD35D18E0CB29002275D6 /* FidoDoorOpenerTests.m in Sources */ = {isa = PBXBuildFile; fileRef = 886CD35C18E0CB29002275D6 /* FidoDoorOpenerTests.m */; };
		88B96E3018FE436500C569CB /* TNTSignInViewController.m in Sources */ = {isa = PBXBuildFile; fileRef = 88B96E2F18FE436500C569CB /* TNTSignInViewController.m */; };
		88DD526B18E23C3E00FF2760 /* TNTCreateAccountViewController.m in Sources */ = {isa = PBXBuildFile; fileRef = 88DD526A18E23C3E00FF2760 /* TNTCreateAccountViewController.m */; };
		88F70FCB18F85EE5005C5F0A /* TNTScoobyController.m in Sources */ = {isa = PBXBuildFile; fileRef = 88F70FCA18F85EE5005C5F0A /* TNTScoobyController.m */; };
/* End PBXBuildFile section */

/* Begin PBXContainerItemProxy section */
		886CD35418E0CB29002275D6 /* PBXContainerItemProxy */ = {
			isa = PBXContainerItemProxy;
			containerPortal = 886CD32618E0CB29002275D6 /* Project object */;
			proxyType = 1;
			remoteGlobalIDString = 886CD32D18E0CB29002275D6;
			remoteInfo = FidoDoorOpener;
		};
/* End PBXContainerItemProxy section */

/* Begin PBXFileReference section */
		880A286A1914AC4D001E5A2B /* TNTDoorViewController.h */ = {isa = PBXFileReference; fileEncoding = 4; lastKnownFileType = sourcecode.c.h; path = TNTDoorViewController.h; sourceTree = "<group>"; };
		880A286B1914AC4D001E5A2B /* TNTDoorViewController.m */ = {isa = PBXFileReference; fileEncoding = 4; lastKnownFileType = sourcecode.c.objc; path = TNTDoorViewController.m; sourceTree = "<group>"; };
		882238D2191B51A900F163A8 /* TNTHGViewController.h */ = {isa = PBXFileReference; fileEncoding = 4; lastKnownFileType = sourcecode.c.h; path = TNTHGViewController.h; sourceTree = "<group>"; };
		882238D3191B51A900F163A8 /* TNTHGViewController.m */ = {isa = PBXFileReference; fileEncoding = 4; lastKnownFileType = sourcecode.c.objc; path = TNTHGViewController.m; sourceTree = "<group>"; };
		886CD32E18E0CB29002275D6 /* FidoDoorOpener.app */ = {isa = PBXFileReference; explicitFileType = wrapper.application; includeInIndex = 0; path = FidoDoorOpener.app; sourceTree = BUILT_PRODUCTS_DIR; };
		886CD33118E0CB29002275D6 /* Foundation.framework */ = {isa = PBXFileReference; lastKnownFileType = wrapper.framework; name = Foundation.framework; path = System/Library/Frameworks/Foundation.framework; sourceTree = SDKROOT; };
		886CD33318E0CB29002275D6 /* CoreGraphics.framework */ = {isa = PBXFileReference; lastKnownFileType = wrapper.framework; name = CoreGraphics.framework; path = System/Library/Frameworks/CoreGraphics.framework; sourceTree = SDKROOT; };
		886CD33518E0CB29002275D6 /* UIKit.framework */ = {isa = PBXFileReference; lastKnownFileType = wrapper.framework; name = UIKit.framework; path = System/Library/Frameworks/UIKit.framework; sourceTree = SDKROOT; };
		886CD33918E0CB29002275D6 /* FidoDoorOpener-Info.plist */ = {isa = PBXFileReference; lastKnownFileType = text.plist.xml; path = "FidoDoorOpener-Info.plist"; sourceTree = "<group>"; };
		886CD33B18E0CB29002275D6 /* en */ = {isa = PBXFileReference; lastKnownFileType = text.plist.strings; name = en; path = en.lproj/InfoPlist.strings; sourceTree = "<group>"; };
		886CD33D18E0CB29002275D6 /* main.m */ = {isa = PBXFileReference; lastKnownFileType = sourcecode.c.objc; path = main.m; sourceTree = "<group>"; };
		886CD33F18E0CB29002275D6 /* FidoDoorOpener-Prefix.pch */ = {isa = PBXFileReference; lastKnownFileType = sourcecode.c.h; path = "FidoDoorOpener-Prefix.pch"; sourceTree = "<group>"; };
		886CD34018E0CB29002275D6 /* TNTAppDelegate.h */ = {isa = PBXFileReference; lastKnownFileType = sourcecode.c.h; path = TNTAppDelegate.h; sourceTree = "<group>"; };
		886CD34118E0CB29002275D6 /* TNTAppDelegate.m */ = {isa = PBXFileReference; lastKnownFileType = sourcecode.c.objc; path = TNTAppDelegate.m; sourceTree = "<group>"; };
		886CD34418E0CB29002275D6 /* Base */ = {isa = PBXFileReference; lastKnownFileType = file.storyboard; name = Base; path = Base.lproj/Main.storyboard; sourceTree = "<group>"; };
		886CD34618E0CB29002275D6 /* TNTLaunchViewController.h */ = {isa = PBXFileReference; lastKnownFileType = sourcecode.c.h; path = TNTLaunchViewController.h; sourceTree = "<group>"; };
		886CD34718E0CB29002275D6 /* TNTLaunchViewController.m */ = {isa = PBXFileReference; lastKnownFileType = sourcecode.c.objc; path = TNTLaunchViewController.m; sourceTree = "<group>"; };
		886CD34918E0CB29002275D6 /* Images.xcassets */ = {isa = PBXFileReference; lastKnownFileType = folder.assetcatalog; path = Images.xcassets; sourceTree = "<group>"; };
		886CD34F18E0CB29002275D6 /* FidoDoorOpenerTests.xctest */ = {isa = PBXFileReference; explicitFileType = wrapper.cfbundle; includeInIndex = 0; path = FidoDoorOpenerTests.xctest; sourceTree = BUILT_PRODUCTS_DIR; };
		886CD35018E0CB29002275D6 /* XCTest.framework */ = {isa = PBXFileReference; lastKnownFileType = wrapper.framework; name = XCTest.framework; path = Library/Frameworks/XCTest.framework; sourceTree = DEVELOPER_DIR; };
		886CD35818E0CB29002275D6 /* FidoDoorOpenerTests-Info.plist */ = {isa = PBXFileReference; lastKnownFileType = text.plist.xml; path = "FidoDoorOpenerTests-Info.plist"; sourceTree = "<group>"; };
		886CD35A18E0CB29002275D6 /* en */ = {isa = PBXFileReference; lastKnownFileType = text.plist.strings; name = en; path = en.lproj/InfoPlist.strings; sourceTree = "<group>"; };
		886CD35C18E0CB29002275D6 /* FidoDoorOpenerTests.m */ = {isa = PBXFileReference; lastKnownFileType = sourcecode.c.objc; path = FidoDoorOpenerTests.m; sourceTree = "<group>"; };
		88B96E2E18FE436500C569CB /* TNTSignInViewController.h */ = {isa = PBXFileReference; fileEncoding = 4; lastKnownFileType = sourcecode.c.h; path = TNTSignInViewController.h; sourceTree = "<group>"; };
		88B96E2F18FE436500C569CB /* TNTSignInViewController.m */ = {isa = PBXFileReference; fileEncoding = 4; lastKnownFileType = sourcecode.c.objc; path = TNTSignInViewController.m; sourceTree = "<group>"; };
		88DD526918E23C3E00FF2760 /* TNTCreateAccountViewController.h */ = {isa = PBXFileReference; fileEncoding = 4; lastKnownFileType = sourcecode.c.h; path = TNTCreateAccountViewController.h; sourceTree = "<group>"; };
		88DD526A18E23C3E00FF2760 /* TNTCreateAccountViewController.m */ = {isa = PBXFileReference; fileEncoding = 4; lastKnownFileType = sourcecode.c.objc; path = TNTCreateAccountViewController.m; sourceTree = "<group>"; };
		88F70FC918F85EE5005C5F0A /* TNTScoobyController.h */ = {isa = PBXFileReference; fileEncoding = 4; lastKnownFileType = sourcecode.c.h; path = TNTScoobyController.h; sourceTree = "<group>"; };
		88F70FCA18F85EE5005C5F0A /* TNTScoobyController.m */ = {isa = PBXFileReference; fileEncoding = 4; lastKnownFileType = sourcecode.c.objc; path = TNTScoobyController.m; sourceTree = "<group>"; };
/* End PBXFileReference section */

/* Begin PBXFrameworksBuildPhase section */
		886CD32B18E0CB29002275D6 /* Frameworks */ = {
			isa = PBXFrameworksBuildPhase;
			buildActionMask = 2147483647;
			files = (
				886CD33418E0CB29002275D6 /* CoreGraphics.framework in Frameworks */,
				886CD33618E0CB29002275D6 /* UIKit.framework in Frameworks */,
				886CD33218E0CB29002275D6 /* Foundation.framework in Frameworks */,
			);
			runOnlyForDeploymentPostprocessing = 0;
		};
		886CD34C18E0CB29002275D6 /* Frameworks */ = {
			isa = PBXFrameworksBuildPhase;
			buildActionMask = 2147483647;
			files = (
				886CD35118E0CB29002275D6 /* XCTest.framework in Frameworks */,
				886CD35318E0CB29002275D6 /* UIKit.framework in Frameworks */,
				886CD35218E0CB29002275D6 /* Foundation.framework in Frameworks */,
			);
			runOnlyForDeploymentPostprocessing = 0;
		};
/* End PBXFrameworksBuildPhase section */

/* Begin PBXGroup section */
		886CD32518E0CB29002275D6 = {
			isa = PBXGroup;
			children = (
				886CD33718E0CB29002275D6 /* FidoDoorOpener */,
				886CD35618E0CB29002275D6 /* FidoDoorOpenerTests */,
				886CD33018E0CB29002275D6 /* Frameworks */,
				886CD32F18E0CB29002275D6 /* Products */,
			);
			sourceTree = "<group>";
		};
		886CD32F18E0CB29002275D6 /* Products */ = {
			isa = PBXGroup;
			children = (
				886CD32E18E0CB29002275D6 /* FidoDoorOpener.app */,
				886CD34F18E0CB29002275D6 /* FidoDoorOpenerTests.xctest */,
			);
			name = Products;
			sourceTree = "<group>";
		};
		886CD33018E0CB29002275D6 /* Frameworks */ = {
			isa = PBXGroup;
			children = (
				886CD33118E0CB29002275D6 /* Foundation.framework */,
				886CD33318E0CB29002275D6 /* CoreGraphics.framework */,
				886CD33518E0CB29002275D6 /* UIKit.framework */,
				886CD35018E0CB29002275D6 /* XCTest.framework */,
			);
			name = Frameworks;
			sourceTree = "<group>";
		};
		886CD33718E0CB29002275D6 /* FidoDoorOpener */ = {
			isa = PBXGroup;
			children = (
				886CD34018E0CB29002275D6 /* TNTAppDelegate.h */,
				886CD34118E0CB29002275D6 /* TNTAppDelegate.m */,
				886CD34318E0CB29002275D6 /* Main.storyboard */,
				882238D2191B51A900F163A8 /* TNTHGViewController.h */,
				882238D3191B51A900F163A8 /* TNTHGViewController.m */,
				88DD526918E23C3E00FF2760 /* TNTCreateAccountViewController.h */,
				88DD526A18E23C3E00FF2760 /* TNTCreateAccountViewController.m */,
				88B96E2E18FE436500C569CB /* TNTSignInViewController.h */,
				88B96E2F18FE436500C569CB /* TNTSignInViewController.m */,
				880A286A1914AC4D001E5A2B /* TNTDoorViewController.h */,
				880A286B1914AC4D001E5A2B /* TNTDoorViewController.m */,
				88F70FC918F85EE5005C5F0A /* TNTScoobyController.h */,
				88F70FCA18F85EE5005C5F0A /* TNTScoobyController.m */,
				886CD34618E0CB29002275D6 /* TNTLaunchViewController.h */,
				886CD34718E0CB29002275D6 /* TNTLaunchViewController.m */,
				886CD34918E0CB29002275D6 /* Images.xcassets */,
				886CD33818E0CB29002275D6 /* Supporting Files */,
			);
			path = FidoDoorOpener;
			sourceTree = "<group>";
		};
		886CD33818E0CB29002275D6 /* Supporting Files */ = {
			isa = PBXGroup;
			children = (
				886CD33918E0CB29002275D6 /* FidoDoorOpener-Info.plist */,
				886CD33A18E0CB29002275D6 /* InfoPlist.strings */,
				886CD33D18E0CB29002275D6 /* main.m */,
				886CD33F18E0CB29002275D6 /* FidoDoorOpener-Prefix.pch */,
			);
			name = "Supporting Files";
			sourceTree = "<group>";
		};
		886CD35618E0CB29002275D6 /* FidoDoorOpenerTests */ = {
			isa = PBXGroup;
			children = (
				886CD35C18E0CB29002275D6 /* FidoDoorOpenerTests.m */,
				886CD35718E0CB29002275D6 /* Supporting Files */,
			);
			path = FidoDoorOpenerTests;
			sourceTree = "<group>";
		};
		886CD35718E0CB29002275D6 /* Supporting Files */ = {
			isa = PBXGroup;
			children = (
				886CD35818E0CB29002275D6 /* FidoDoorOpenerTests-Info.plist */,
				886CD35918E0CB29002275D6 /* InfoPlist.strings */,
			);
			name = "Supporting Files";
			sourceTree = "<group>";
		};
/* End PBXGroup section */

/* Begin PBXNativeTarget section */
		886CD32D18E0CB29002275D6 /* FidoDoorOpener */ = {
			isa = PBXNativeTarget;
			buildConfigurationList = 886CD36018E0CB29002275D6 /* Build configuration list for PBXNativeTarget "FidoDoorOpener" */;
			buildPhases = (
				886CD32A18E0CB29002275D6 /* Sources */,
				886CD32B18E0CB29002275D6 /* Frameworks */,
				886CD32C18E0CB29002275D6 /* Resources */,
			);
			buildRules = (
			);
			dependencies = (
			);
			name = FidoDoorOpener;
			productName = FidoDoorOpener;
			productReference = 886CD32E18E0CB29002275D6 /* FidoDoorOpener.app */;
			productType = "com.apple.product-type.application";
		};
		886CD34E18E0CB29002275D6 /* FidoDoorOpenerTests */ = {
			isa = PBXNativeTarget;
			buildConfigurationList = 886CD36318E0CB29002275D6 /* Build configuration list for PBXNativeTarget "FidoDoorOpenerTests" */;
			buildPhases = (
				886CD34B18E0CB29002275D6 /* Sources */,
				886CD34C18E0CB29002275D6 /* Frameworks */,
				886CD34D18E0CB29002275D6 /* Resources */,
			);
			buildRules = (
			);
			dependencies = (
				886CD35518E0CB29002275D6 /* PBXTargetDependency */,
			);
			name = FidoDoorOpenerTests;
			productName = FidoDoorOpenerTests;
			productReference = 886CD34F18E0CB29002275D6 /* FidoDoorOpenerTests.xctest */;
			productType = "com.apple.product-type.bundle.unit-test";
		};
/* End PBXNativeTarget section */

/* Begin PBXProject section */
		886CD32618E0CB29002275D6 /* Project object */ = {
			isa = PBXProject;
			attributes = {
				CLASSPREFIX = TNT;
				LastUpgradeCheck = 0510;
				ORGANIZATIONNAME = "Joe Selvik";
				TargetAttributes = {
					886CD32D18E0CB29002275D6 = {
						DevelopmentTeam = 822AH84A4A;
					};
					886CD34E18E0CB29002275D6 = {
						TestTargetID = 886CD32D18E0CB29002275D6;
					};
				};
			};
			buildConfigurationList = 886CD32918E0CB29002275D6 /* Build configuration list for PBXProject "FidoDoorOpener" */;
			compatibilityVersion = "Xcode 3.2";
			developmentRegion = English;
			hasScannedForEncodings = 0;
			knownRegions = (
				en,
				Base,
			);
			mainGroup = 886CD32518E0CB29002275D6;
			productRefGroup = 886CD32F18E0CB29002275D6 /* Products */;
			projectDirPath = "";
			projectRoot = "";
			targets = (
				886CD32D18E0CB29002275D6 /* FidoDoorOpener */,
				886CD34E18E0CB29002275D6 /* FidoDoorOpenerTests */,
			);
		};
/* End PBXProject section */

/* Begin PBXResourcesBuildPhase section */
		886CD32C18E0CB29002275D6 /* Resources */ = {
			isa = PBXResourcesBuildPhase;
			buildActionMask = 2147483647;
			files = (
				886CD34A18E0CB29002275D6 /* Images.xcassets in Resources */,
				886CD33C18E0CB29002275D6 /* InfoPlist.strings in Resources */,
				886CD34518E0CB29002275D6 /* Main.storyboard in Resources */,
			);
			runOnlyForDeploymentPostprocessing = 0;
		};
		886CD34D18E0CB29002275D6 /* Resources */ = {
			isa = PBXResourcesBuildPhase;
			buildActionMask = 2147483647;
			files = (
				886CD35B18E0CB29002275D6 /* InfoPlist.strings in Resources */,
			);
			runOnlyForDeploymentPostprocessing = 0;
		};
/* End PBXResourcesBuildPhase section */

/* Begin PBXSourcesBuildPhase section */
		886CD32A18E0CB29002275D6 /* Sources */ = {
			isa = PBXSourcesBuildPhase;
			buildActionMask = 2147483647;
			files = (
				886CD33E18E0CB29002275D6 /* main.m in Sources */,
				886CD34218E0CB29002275D6 /* TNTAppDelegate.m in Sources */,
				880A286C1914AC4D001E5A2B /* TNTDoorViewController.m in Sources */,
				88F70FCB18F85EE5005C5F0A /* TNTScoobyController.m in Sources */,
				882238D4191B51A900F163A8 /* TNTHGViewController.m in Sources */,
				88B96E3018FE436500C569CB /* TNTSignInViewController.m in Sources */,
				88DD526B18E23C3E00FF2760 /* TNTCreateAccountViewController.m in Sources */,
				886CD34818E0CB29002275D6 /* TNTLaunchViewController.m in Sources */,
			);
			runOnlyForDeploymentPostprocessing = 0;
		};
		886CD34B18E0CB29002275D6 /* Sources */ = {
			isa = PBXSourcesBuildPhase;
			buildActionMask = 2147483647;
			files = (
				886CD35D18E0CB29002275D6 /* FidoDoorOpenerTests.m in Sources */,
			);
			runOnlyForDeploymentPostprocessing = 0;
		};
/* End PBXSourcesBuildPhase section */

/* Begin PBXTargetDependency section */
		886CD35518E0CB29002275D6 /* PBXTargetDependency */ = {
			isa = PBXTargetDependency;
			target = 886CD32D18E0CB29002275D6 /* FidoDoorOpener */;
			targetProxy = 886CD35418E0CB29002275D6 /* PBXContainerItemProxy */;
		};
/* End PBXTargetDependency section */

/* Begin PBXVariantGroup section */
		886CD33A18E0CB29002275D6 /* InfoPlist.strings */ = {
			isa = PBXVariantGroup;
			children = (
				886CD33B18E0CB29002275D6 /* en */,
			);
			name = InfoPlist.strings;
			sourceTree = "<group>";
		};
		886CD34318E0CB29002275D6 /* Main.storyboard */ = {
			isa = PBXVariantGroup;
			children = (
				886CD34418E0CB29002275D6 /* Base */,
			);
			name = Main.storyboard;
			sourceTree = "<group>";
		};
		886CD35918E0CB29002275D6 /* InfoPlist.strings */ = {
			isa = PBXVariantGroup;
			children = (
				886CD35A18E0CB29002275D6 /* en */,
			);
			name = InfoPlist.strings;
			sourceTree = "<group>";
		};
/* End PBXVariantGroup section */

/* Begin XCBuildConfiguration section */
		886CD35E18E0CB29002275D6 /* Debug */ = {
			isa = XCBuildConfiguration;
			buildSettings = {
				ALWAYS_SEARCH_USER_PATHS = NO;
				CLANG_CXX_LANGUAGE_STANDARD = "gnu++0x";
				CLANG_CXX_LIBRARY = "libc++";
				CLANG_ENABLE_MODULES = YES;
				CLANG_ENABLE_OBJC_ARC = YES;
				CLANG_WARN_BOOL_CONVERSION = YES;
				CLANG_WARN_CONSTANT_CONVERSION = YES;
				CLANG_WARN_DIRECT_OBJC_ISA_USAGE = YES_ERROR;
				CLANG_WARN_EMPTY_BODY = YES;
				CLANG_WARN_ENUM_CONVERSION = YES;
				CLANG_WARN_INT_CONVERSION = YES;
				CLANG_WARN_OBJC_ROOT_CLASS = YES_ERROR;
				CLANG_WARN__DUPLICATE_METHOD_MATCH = YES;
				"CODE_SIGN_IDENTITY[sdk=iphoneos*]" = "iPhone Developer";
				COPY_PHASE_STRIP = NO;
				GCC_C_LANGUAGE_STANDARD = gnu99;
				GCC_DYNAMIC_NO_PIC = NO;
				GCC_OPTIMIZATION_LEVEL = 0;
				GCC_PREPROCESSOR_DEFINITIONS = (
					"DEBUG=1",
					"$(inherited)",
				);
				GCC_SYMBOLS_PRIVATE_EXTERN = NO;
				GCC_WARN_64_TO_32_BIT_CONVERSION = YES;
				GCC_WARN_ABOUT_RETURN_TYPE = YES_ERROR;
				GCC_WARN_UNDECLARED_SELECTOR = YES;
				GCC_WARN_UNINITIALIZED_AUTOS = YES_AGGRESSIVE;
				GCC_WARN_UNUSED_FUNCTION = YES;
				GCC_WARN_UNUSED_VARIABLE = YES;
				IPHONEOS_DEPLOYMENT_TARGET = 7.1;
				ONLY_ACTIVE_ARCH = YES;
				SDKROOT = iphoneos;
			};
			name = Debug;
		};
		886CD35F18E0CB29002275D6 /* Release */ = {
			isa = XCBuildConfiguration;
			buildSettings = {
				ALWAYS_SEARCH_USER_PATHS = NO;
				CLANG_CXX_LANGUAGE_STANDARD = "gnu++0x";
				CLANG_CXX_LIBRARY = "libc++";
				CLANG_ENABLE_MODULES = YES;
				CLANG_ENABLE_OBJC_ARC = YES;
				CLANG_WARN_BOOL_CONVERSION = YES;
				CLANG_WARN_CONSTANT_CONVERSION = YES;
				CLANG_WARN_DIRECT_OBJC_ISA_USAGE = YES_ERROR;
				CLANG_WARN_EMPTY_BODY = YES;
				CLANG_WARN_ENUM_CONVERSION = YES;
				CLANG_WARN_INT_CONVERSION = YES;
				CLANG_WARN_OBJC_ROOT_CLASS = YES_ERROR;
				CLANG_WARN__DUPLICATE_METHOD_MATCH = YES;
				"CODE_SIGN_IDENTITY[sdk=iphoneos*]" = "iPhone Developer";
				COPY_PHASE_STRIP = YES;
				ENABLE_NS_ASSERTIONS = NO;
				GCC_C_LANGUAGE_STANDARD = gnu99;
				GCC_WARN_64_TO_32_BIT_CONVERSION = YES;
				GCC_WARN_ABOUT_RETURN_TYPE = YES_ERROR;
				GCC_WARN_UNDECLARED_SELECTOR = YES;
				GCC_WARN_UNINITIALIZED_AUTOS = YES_AGGRESSIVE;
				GCC_WARN_UNUSED_FUNCTION = YES;
				GCC_WARN_UNUSED_VARIABLE = YES;
				IPHONEOS_DEPLOYMENT_TARGET = 7.1;
				SDKROOT = iphoneos;
				VALIDATE_PRODUCT = YES;
			};
			name = Release;
		};
		886CD36118E0CB29002275D6 /* Debug */ = {
			isa = XCBuildConfiguration;
			buildSettings = {
				ASSETCATALOG_COMPILER_APPICON_NAME = AppIcon;
				ASSETCATALOG_COMPILER_LAUNCHIMAGE_NAME = LaunchImage;
				CODE_SIGN_IDENTITY = "iPhone Developer";
				"CODE_SIGN_IDENTITY[sdk=iphoneos*]" = "iPhone Developer";
				GCC_PRECOMPILE_PREFIX_HEADER = YES;
				GCC_PREFIX_HEADER = "FidoDoorOpener/FidoDoorOpener-Prefix.pch";
				INFOPLIST_FILE = "FidoDoorOpener/FidoDoorOpener-Info.plist";
				PRODUCT_NAME = "$(TARGET_NAME)";
				PROVISIONING_PROFILE = "";
				WRAPPER_EXTENSION = app;
			};
			name = Debug;
		};
		886CD36218E0CB29002275D6 /* Release */ = {
			isa = XCBuildConfiguration;
			buildSettings = {
				ASSETCATALOG_COMPILER_APPICON_NAME = AppIcon;
				ASSETCATALOG_COMPILER_LAUNCHIMAGE_NAME = LaunchImage;
				CODE_SIGN_IDENTITY = "iPhone Developer";
				"CODE_SIGN_IDENTITY[sdk=iphoneos*]" = "iPhone Developer";
				GCC_PRECOMPILE_PREFIX_HEADER = YES;
				GCC_PREFIX_HEADER = "FidoDoorOpener/FidoDoorOpener-Prefix.pch";
				INFOPLIST_FILE = "FidoDoorOpener/FidoDoorOpener-Info.plist";
				PRODUCT_NAME = "$(TARGET_NAME)";
				PROVISIONING_PROFILE = "";
				WRAPPER_EXTENSION = app;
			};
			name = Release;
		};
		886CD36418E0CB29002275D6 /* Debug */ = {
			isa = XCBuildConfiguration;
			buildSettings = {
				BUNDLE_LOADER = "$(BUILT_PRODUCTS_DIR)/FidoDoorOpener.app/FidoDoorOpener";
				FRAMEWORK_SEARCH_PATHS = (
					"$(SDKROOT)/Developer/Library/Frameworks",
					"$(inherited)",
					"$(DEVELOPER_FRAMEWORKS_DIR)",
				);
				GCC_PRECOMPILE_PREFIX_HEADER = YES;
				GCC_PREFIX_HEADER = "FidoDoorOpener/FidoDoorOpener-Prefix.pch";
				GCC_PREPROCESSOR_DEFINITIONS = (
					"DEBUG=1",
					"$(inherited)",
				);
				INFOPLIST_FILE = "FidoDoorOpenerTests/FidoDoorOpenerTests-Info.plist";
				PRODUCT_NAME = "$(TARGET_NAME)";
				TEST_HOST = "$(BUNDLE_LOADER)";
				WRAPPER_EXTENSION = xctest;
			};
			name = Debug;
		};
		886CD36518E0CB29002275D6 /* Release */ = {
			isa = XCBuildConfiguration;
			buildSettings = {
				BUNDLE_LOADER = "$(BUILT_PRODUCTS_DIR)/FidoDoorOpener.app/FidoDoorOpener";
				FRAMEWORK_SEARCH_PATHS = (
					"$(SDKROOT)/Developer/Library/Frameworks",
					"$(inherited)",
					"$(DEVELOPER_FRAMEWORKS_DIR)",
				);
				GCC_PRECOMPILE_PREFIX_HEADER = YES;
				GCC_PREFIX_HEADER = "FidoDoorOpener/FidoDoorOpener-Prefix.pch";
				INFOPLIST_FILE = "FidoDoorOpenerTests/FidoDoorOpenerTests-Info.plist";
				PRODUCT_NAME = "$(TARGET_NAME)";
				TEST_HOST = "$(BUNDLE_LOADER)";
				WRAPPER_EXTENSION = xctest;
			};
			name = Release;
		};
/* End XCBuildConfiguration section */

/* Begin XCConfigurationList section */
		886CD32918E0CB29002275D6 /* Build configuration list for PBXProject "FidoDoorOpener" */ = {
			isa = XCConfigurationList;
			buildConfigurations = (
				886CD35E18E0CB29002275D6 /* Debug */,
				886CD35F18E0CB29002275D6 /* Release */,
			);
			defaultConfigurationIsVisible = 0;
			defaultConfigurationName = Release;
		};
		886CD36018E0CB29002275D6 /* Build configuration list for PBXNativeTarget "FidoDoorOpener" */ = {
			isa = XCConfigurationList;
			buildConfigurations = (
				886CD36118E0CB29002275D6 /* Debug */,
				886CD36218E0CB29002275D6 /* Release */,
			);
			defaultConfigurationIsVisible = 0;
			defaultConfigurationName = Release;
		};
		886CD36318E0CB29002275D6 /* Build configuration list for PBXNativeTarget "FidoDoorOpenerTests" */ = {
			isa = XCConfigurationList;
			buildConfigurations = (
				886CD36418E0CB29002275D6 /* Debug */,
				886CD36518E0CB29002275D6 /* Release */,
			);
			defaultConfigurationIsVisible = 0;
			defaultConfigurationName = Release;
		};
/* End XCConfigurationList section */
	};
	rootObject = 886CD32618E0CB29002275D6 /* Project object */;
}
